lockfileVersion: '6.0'

settings:
  autoInstallPeers: true
  excludeLinksFromLockfile: false

dependencies:
  '@connectrpc/connect':
    specifier: ^1.4.0
    version: 1.4.0(@bufbuild/protobuf@1.10.0)
  '@connectrpc/connect-node':
    specifier: ^1.4.0
    version: 1.4.0(@bufbuild/protobuf@1.10.0)(@connectrpc/connect@1.4.0)

devDependencies:
  '@bufbuild/protobuf':
    specifier: ^1.10.0
    version: 1.10.0
  '@bufbuild/protoc-gen-es':
    specifier: ^1.10.0
    version: 1.10.0(@bufbuild/protobuf@1.10.0)
  '@connectrpc/protoc-gen-connect-es':
    specifier: ^1.4.0
    version: 1.4.0(@bufbuild/protoc-gen-es@1.10.0)(@connectrpc/connect@1.4.0)
  '@connectrpc/protoc-gen-connect-query':
    specifier: ^1.4.1
    version: 1.4.1(@bufbuild/protoc-gen-es@1.10.0)
  '@types/node':
    specifier: ^20.14.8
    version: 20.14.8
  typescript:
    specifier: 5.4.5
    version: 5.4.5

packages:

  /@bufbuild/protobuf@1.10.0:
    resolution: {integrity: sha512-QDdVFLoN93Zjg36NoQPZfsVH9tZew7wKDKyV5qRdj8ntT4wQCOradQjRaTdwMhWUYsgKsvCINKKm87FdEk96Ag==}

  /@bufbuild/protoc-gen-es@1.10.0(@bufbuild/protobuf@1.10.0):
    resolution: {integrity: sha512-zBYBsVT/ul4uZb6F+kD7/k4sWNHVVbEPfJwKi0FDr+9VJo8MKIofI6pkr5ksBLr4fi/74r+e/75Xi/0clL5dXg==}
    engines: {node: '>=14'}
    hasBin: true
    peerDependencies:
      '@bufbuild/protobuf': 1.10.0
    peerDependenciesMeta:
      '@bufbuild/protobuf':
        optional: true
    dependencies:
      '@bufbuild/protobuf': 1.10.0
      '@bufbuild/protoplugin': 1.10.0
    transitivePeerDependencies:
      - supports-color
    dev: true

  /@bufbuild/protoplugin@1.10.0:
    resolution: {integrity: sha512-u6NE4vL0lw1+EK4/PiE/SQB7fKO4LRJNTEScIXVOi2x88K/c8WKc/k0KyEaA0asVBMpwekJQZGnRyj04ZtN5Gg==}
    dependencies:
      '@bufbuild/protobuf': 1.10.0
      '@typescript/vfs': 1.5.3(typescript@4.5.2)
      typescript: 4.5.2
    transitivePeerDependencies:
      - supports-color
    dev: true

  /@connectrpc/connect-node@1.4.0(@bufbuild/protobuf@1.10.0)(@connectrpc/connect@1.4.0):
    resolution: {integrity: sha512-0ANnrr6SvsjevsWEgdzHy7BaHkluZyS6s4xNoVt7RBHFR5V/kT9lPokoIbYUOU9JHzdRgTaS3x5595mwUsu15g==}
    engines: {node: '>=16.0.0'}
    peerDependencies:
      '@bufbuild/protobuf': ^1.4.2
      '@connectrpc/connect': 1.4.0
    dependencies:
      '@bufbuild/protobuf': 1.10.0
      '@connectrpc/connect': 1.4.0(@bufbuild/protobuf@1.10.0)
      undici: 5.28.4
    dev: false

  /@connectrpc/connect@1.4.0(@bufbuild/protobuf@1.10.0):
    resolution: {integrity: sha512-vZeOkKaAjyV4+RH3+rJZIfDFJAfr+7fyYr6sLDKbYX3uuTVszhFe9/YKf5DNqrDb5cKdKVlYkGn6DTDqMitAnA==}
    peerDependencies:
      '@bufbuild/protobuf': ^1.4.2
    dependencies:
      '@bufbuild/protobuf': 1.10.0

  /@connectrpc/protoc-gen-connect-es@1.4.0(@bufbuild/protoc-gen-es@1.10.0)(@connectrpc/connect@1.4.0):
    resolution: {integrity: sha512-/7vQ8Q7mEBhV8qEVh/eifRQlQnf8EJ6weMwCD2DljVAQRlZYcW9SLxjYZhV1uM1ZZqQC7Cw2vvgXRg2XQswHBg==}
    engines: {node: '>=16.0.0'}
    hasBin: true
    peerDependencies:
      '@bufbuild/protoc-gen-es': ^1.7.2
      '@connectrpc/connect': 1.4.0
    peerDependenciesMeta:
      '@bufbuild/protoc-gen-es':
        optional: true
      '@connectrpc/connect':
        optional: true
    dependencies:
      '@bufbuild/protobuf': 1.10.0
      '@bufbuild/protoc-gen-es': 1.10.0(@bufbuild/protobuf@1.10.0)
      '@bufbuild/protoplugin': 1.10.0
      '@connectrpc/connect': 1.4.0(@bufbuild/protobuf@1.10.0)
    transitivePeerDependencies:
      - supports-color
    dev: true

  /@connectrpc/protoc-gen-connect-query@1.4.1(@bufbuild/protoc-gen-es@1.10.0):
    resolution: {integrity: sha512-L/x+f1x+GWgfsGvRs2XZjdX044cchIAiNOSWQFavOrfHadZD8Kb8qFykHHDj7Cw+7CyQ7+SeW5UxtIkBB1WB3Q==}
    engines: {node: '>=16'}
    hasBin: true
    peerDependencies:
      '@bufbuild/protoc-gen-es': 1.x
    peerDependenciesMeta:
      '@bufbuild/protoc-gen-es':
        optional: true
    dependencies:
      '@bufbuild/protobuf': 1.10.0
      '@bufbuild/protoc-gen-es': 1.10.0(@bufbuild/protobuf@1.10.0)
      '@bufbuild/protoplugin': 1.10.0
    transitivePeerDependencies:
      - supports-color
    dev: true

  /@fastify/busboy@2.1.1:
    resolution: {integrity: sha512-vBZP4NlzfOlerQTnba4aqZoMhE/a9HY7HRqoOPaETQcSQuWEIyZMHGfVu6w9wGtGK5fED5qRs2DteVCjOH60sA==}
    engines: {node: '>=14'}
    dev: false

  /@types/node@20.14.8:
    resolution: {integrity: sha512-DO+2/jZinXfROG7j7WKFn/3C6nFwxy2lLpgLjEXJz+0XKphZlTLJ14mo8Vfg8X5BWN6XjyESXq+LcYdT7tR3bA==}
    dependencies:
      undici-types: 5.26.5
    dev: true

  /@typescript/vfs@1.5.3(typescript@4.5.2):
    resolution: {integrity: sha512-OSZ/o3wwD5VPZVdGGsXWk7sRGRtwrGnqA4zwmb33FTs7Wxmad0QTkQCbaNyqWA8hL09TCwAthdp8yjFA5G1lvw==}
    peerDependencies:
      typescript: '*'
    dependencies:
      debug: 4.3.5
      typescript: 4.5.2
    transitivePeerDependencies:
      - supports-color
    dev: true

  /debug@4.3.5:
    resolution: {integrity: sha512-pt0bNEmneDIvdL1Xsd9oDQ/wrQRkXDT4AUWlNZNPKvW5x/jyO9VFXkJUP07vQ2upmw5PlaITaPKc31jK13V+jg==}
    engines: {node: '>=6.0'}
    peerDependencies:
      supports-color: '*'
    peerDependenciesMeta:
      supports-color:
        optional: true
    dependencies:
      ms: 2.1.2
    dev: true

  /ms@2.1.2:
    resolution: {integrity: sha512-sGkPx+VjMtmA6MX27oA4FBFELFCZZ4S4XqeGOXCv68tT+jb3vk/RyaKWP0PTKyWtmLSM0b+adUTEvbs1PEaH2w==}
    dev: true

  /typescript@4.5.2:
    resolution: {integrity: sha512-5BlMof9H1yGt0P8/WF+wPNw6GfctgGjXp5hkblpyT+8rkASSmkUKMXrxR0Xg8ThVCi/JnHQiKXeBaEwCeQwMFw==}
    engines: {node: '>=4.2.0'}
    hasBin: true
    dev: true

  /typescript@5.4.5:
    resolution: {integrity: sha512-vcI4UpRgg81oIRUFwR0WSIHKt11nJ7SAVlYNIu+QpqeyXP+gpQJy/Z4+F0aGxSE4MqwjyXvW/TzgkLAx2AGHwQ==}
    engines: {node: '>=14.17'}
    hasBin: true
    dev: true

  /undici-types@5.26.5:
    resolution: {integrity: sha512-JlCMO+ehdEIKqlFxk6IfVoAUVmgz7cU7zD/h9XZ0qzeosSHmUJVOzSQvvYSYWXkFXC+IfLKSIffhv0sVZup6pA==}
    dev: true

  /undici@5.28.4:
    resolution: {integrity: sha512-72RFADWFqKmUb2hmmvNODKL3p9hcB6Gt2DOQMis1SEBaV6a4MH8soBvzg+95CYhCKPFedut2JY9bMfrDl9D23g==}
    engines: {node: '>=14.0'}
    dependencies:
      '@fastify/busboy': 2.1.1
    dev: false
